
Microsoft Visual Studio Solution File, Format Version 12.00
# Visual Studio Version 16
VisualStudioVersion = 16.0.32126.315
MinimumVisualStudioVersion = 10.0.40219.1
Project("{FAE04EC0-301F-11D3-BF4B-00C04F79EFBC}") = "Khanh_Duy", "Khanh_Duy\Khanh_Duy.csproj", "{C2387C4D-590D-4B92-8E8F-EAFC2E26E295}"
EndProject
Global
	GlobalSection(SolutionConfigurationPlatforms) = preSolution
		Debug|Any CPU = Debug|Any CPU
		Release|Any CPU = Release|Any CPU
	EndGlobalSection
	GlobalSection(ProjectConfigurationPlatforms) = postSolution
		{C2387C4D-590D-4B92-8E8F-EAFC2E26E295}.Debug|Any CPU.ActiveCfg = Debug|Any CPU
		{C2387C4D-590D-4B92-8E8F-EAFC2E26E295}.Debug|Any CPU.Build.0 = Debug|Any CPU
		{C2387C4D-590D-4B92-8E8F-EAFC2E26E295}.Release|Any CPU.ActiveCfg = Release|Any CPU
		{C2387C4D-590D-4B92-8E8F-EAFC2E26E295}.Release|Any CPU.Build.0 = Release|Any CPU
	EndGlobalSection
	GlobalSection(SolutionProperties) = preSolution
		HideSolutionNode = FALSE
	EndGlobalSection
	GlobalSection(ExtensibilityGlobals) = postSolution
		SolutionGuid = {2DBE3E3B-FC93-43A1-9660-50C261141736}
	EndGlobalSection
EndGlobal
